
Microsoft Visual Studio Solution File, Format Version 12.00
# Visual Studio Version 16
VisualStudioVersion = 16.0.28803.452
MinimumVisualStudioVersion = 10.0.40219.1
Project("{2150E333-8FDC-42A3-9474-1A3956D46DE8}") = "Core", "Core", "{978C3CC6-5BE0-46C8-92AA-76BB231EC7DB}"
EndProject
Project("{2150E333-8FDC-42A3-9474-1A3956D46DE8}") = "Framework", "Framework", "{99EC97ED-6254-4C81-A204-EE670F47E88C}"
EndProject
Project("{2150E333-8FDC-42A3-9474-1A3956D46DE8}") = "Dal", "Dal", "{DD7929C0-A275-4935-AB98-EC94D8268C22}"
EndProject
Project("{2150E333-8FDC-42A3-9474-1A3956D46DE8}") = "Client", "Client", "{63E6E40C-19AC-422A-B62C-CCBEE2D2AED7}"
EndProject
Project("{2150E333-8FDC-42A3-9474-1A3956D46DE8}") = "Domain", "Domain", "{A60C582E-E599-487C-8FB6-2CA51F9CEBAD}"
EndProject
Project("{2150E333-8FDC-42A3-9474-1A3956D46DE8}") = "Model", "Model", "{4B4DCD3E-3E4C-4BC8-9772-410A8BC2A731}"
EndProject
Project("{9A19103F-16F7-4668-BE54-9A1E7A4F7556}") = "depth.server", "src\framework\depth.server\depth.server.csproj", "{E9A8112B-C903-4E87-BD54-FD8C191ABB88}"
EndProject
Project("{9A19103F-16F7-4668-BE54-9A1E7A4F7556}") = "DE.ENTITIES", "src\org\core\client\DE.ENTITIES\DE.ENTITIES.csproj", "{224B5CF1-083F-46F7-9F72-08D1F8F7A404}"
EndProject
Project("{9A19103F-16F7-4668-BE54-9A1E7A4F7556}") = "DE.WORKFLOWS", "src\org\core\client\DE.WORKFLOWS\DE.WORKFLOWS.csproj", "{262FAB9F-3C16-4949-BC6D-4A3A8CE54193}"
EndProject
Project("{9A19103F-16F7-4668-BE54-9A1E7A4F7556}") = "INFRASTRUCTURE", "src\org\core\domain\INFRASTRUCTURE\INFRASTRUCTURE.csproj", "{1706C54B-4980-4D24-9D77-1F670286209D}"
EndProject
Project("{9A19103F-16F7-4668-BE54-9A1E7A4F7556}") = "DEPTHMODEL", "src\org\dal\model\DEPTHMODEL\DEPTHMODEL.csproj", "{7D963E32-43E4-4A71-8B40-5E80A61199C7}"
EndProject
Project("{9A19103F-16F7-4668-BE54-9A1E7A4F7556}") = "DE.DATABASELAYER.INFRASTRUCTURE", "src\org\dal\DE.DATABASELAYER.INFRASTRUCTURE\DE.DATABASELAYER.INFRASTRUCTURE.csproj", "{64C941B4-44A8-468F-9C18-7CC687755C0A}"
EndProject
Global
	GlobalSection(SolutionConfigurationPlatforms) = preSolution
		Debug|Any CPU = Debug|Any CPU
		Release|Any CPU = Release|Any CPU
	EndGlobalSection
	GlobalSection(ProjectConfigurationPlatforms) = postSolution
		{E9A8112B-C903-4E87-BD54-FD8C191ABB88}.Debug|Any CPU.ActiveCfg = Debug|Any CPU
		{E9A8112B-C903-4E87-BD54-FD8C191ABB88}.Debug|Any CPU.Build.0 = Debug|Any CPU
		{E9A8112B-C903-4E87-BD54-FD8C191ABB88}.Release|Any CPU.ActiveCfg = Release|Any CPU
		{E9A8112B-C903-4E87-BD54-FD8C191ABB88}.Release|Any CPU.Build.0 = Release|Any CPU
		{224B5CF1-083F-46F7-9F72-08D1F8F7A404}.Debug|Any CPU.ActiveCfg = Debug|Any CPU
		{224B5CF1-083F-46F7-9F72-08D1F8F7A404}.Debug|Any CPU.Build.0 = Debug|Any CPU
		{224B5CF1-083F-46F7-9F72-08D1F8F7A404}.Release|Any CPU.ActiveCfg = Release|Any CPU
		{224B5CF1-083F-46F7-9F72-08D1F8F7A404}.Release|Any CPU.Build.0 = Release|Any CPU
		{262FAB9F-3C16-4949-BC6D-4A3A8CE54193}.Debug|Any CPU.ActiveCfg = Debug|Any CPU
		{262FAB9F-3C16-4949-BC6D-4A3A8CE54193}.Debug|Any CPU.Build.0 = Debug|Any CPU
		{262FAB9F-3C16-4949-BC6D-4A3A8CE54193}.Release|Any CPU.ActiveCfg = Release|Any CPU
		{262FAB9F-3C16-4949-BC6D-4A3A8CE54193}.Release|Any CPU.Build.0 = Release|Any CPU
		{1706C54B-4980-4D24-9D77-1F670286209D}.Debug|Any CPU.ActiveCfg = Debug|Any CPU
		{1706C54B-4980-4D24-9D77-1F670286209D}.Debug|Any CPU.Build.0 = Debug|Any CPU
		{1706C54B-4980-4D24-9D77-1F670286209D}.Release|Any CPU.ActiveCfg = Release|Any CPU
		{1706C54B-4980-4D24-9D77-1F670286209D}.Release|Any CPU.Build.0 = Release|Any CPU
		{7D963E32-43E4-4A71-8B40-5E80A61199C7}.Debug|Any CPU.ActiveCfg = Debug|Any CPU
		{7D963E32-43E4-4A71-8B40-5E80A61199C7}.Debug|Any CPU.Build.0 = Debug|Any CPU
		{7D963E32-43E4-4A71-8B40-5E80A61199C7}.Release|Any CPU.ActiveCfg = Release|Any CPU
		{7D963E32-43E4-4A71-8B40-5E80A61199C7}.Release|Any CPU.Build.0 = Release|Any CPU
		{64C941B4-44A8-468F-9C18-7CC687755C0A}.Debug|Any CPU.ActiveCfg = Debug|Any CPU
		{64C941B4-44A8-468F-9C18-7CC687755C0A}.Debug|Any CPU.Build.0 = Debug|Any CPU
		{64C941B4-44A8-468F-9C18-7CC687755C0A}.Release|Any CPU.ActiveCfg = Release|Any CPU
		{64C941B4-44A8-468F-9C18-7CC687755C0A}.Release|Any CPU.Build.0 = Release|Any CPU
	EndGlobalSection
	GlobalSection(SolutionProperties) = preSolution
		HideSolutionNode = FALSE
	EndGlobalSection
	GlobalSection(NestedProjects) = preSolution
		{63E6E40C-19AC-422A-B62C-CCBEE2D2AED7} = {978C3CC6-5BE0-46C8-92AA-76BB231EC7DB}
		{A60C582E-E599-487C-8FB6-2CA51F9CEBAD} = {978C3CC6-5BE0-46C8-92AA-76BB231EC7DB}
		{4B4DCD3E-3E4C-4BC8-9772-410A8BC2A731} = {DD7929C0-A275-4935-AB98-EC94D8268C22}
		{E9A8112B-C903-4E87-BD54-FD8C191ABB88} = {99EC97ED-6254-4C81-A204-EE670F47E88C}
		{224B5CF1-083F-46F7-9F72-08D1F8F7A404} = {63E6E40C-19AC-422A-B62C-CCBEE2D2AED7}
		{262FAB9F-3C16-4949-BC6D-4A3A8CE54193} = {63E6E40C-19AC-422A-B62C-CCBEE2D2AED7}
		{1706C54B-4980-4D24-9D77-1F670286209D} = {A60C582E-E599-487C-8FB6-2CA51F9CEBAD}
		{7D963E32-43E4-4A71-8B40-5E80A61199C7} = {4B4DCD3E-3E4C-4BC8-9772-410A8BC2A731}
		{64C941B4-44A8-468F-9C18-7CC687755C0A} = {DD7929C0-A275-4935-AB98-EC94D8268C22}
	EndGlobalSection
	GlobalSection(ExtensibilityGlobals) = postSolution
		SolutionGuid = {6DB4C306-52C8-404A-8E47-8AB27CA12839}
	EndGlobalSection
EndGlobal
